# This file is generated by running "yarn install" inside your project.
# Manual changes might be lost - proceed with caution!

__metadata:
  version: 6
  cacheKey: 8

"@apidevtools/json-schema-ref-parser@npm:9.0.9":
  version: 9.0.9
  resolution: "@apidevtools/json-schema-ref-parser@npm:9.0.9"
  dependencies:
    "@jsdevtools/ono": ^7.1.3
    "@types/json-schema": ^7.0.6
    call-me-maybe: ^1.0.1
    js-yaml: ^4.1.0
  checksum: b21f6bdd37d2942c3967ee77569bc74fadd1b922f688daf5ef85057789a2c3a7f4afc473aa2f3a93ec950dabb6ef365f8bd9cf51e4e062a1ee1e59b989f8f9b4
  languageName: node
  linkType: hard

"@jsdevtools/ono@npm:^7.1.3":
  version: 7.1.3
  resolution: "@jsdevtools/ono@npm:7.1.3"
  checksum: 2297fcd472ba810bffe8519d2249171132844c7174f3a16634f9260761c8c78bc0428a4190b5b6d72d45673c13918ab9844d706c3ed4ef8f62ab11a2627a08ad
  languageName: node
  linkType: hard

"@nextbridge/cli@workspace:^, @nextbridge/cli@workspace:cli":
  version: 0.0.0-use.local
  resolution: "@nextbridge/cli@workspace:cli"
  dependencies:
    "@nextbridge/plugin-base": "workspace:^"
    "@nextbridge/schema": "workspace:^"
    "@types/node": ^17.0.21
    await-to-js: ^3.0.0
    commander: ^9.0.0
    tsm: ^2.2.1
    typescript: ^4.6.2
    zod: ^3.13.4
  bin:
    nextbridge-cli: ./bin/run
  languageName: unknown
  linkType: soft

"@nextbridge/monorepo@workspace:.":
  version: 0.0.0-use.local
  resolution: "@nextbridge/monorepo@workspace:."
  dependencies:
    prettier: ^2.5.1
    typescript: ^4.6.2
  languageName: unknown
  linkType: soft

"@nextbridge/plugin-base@workspace:^, @nextbridge/plugin-base@workspace:plugins/base":
  version: 0.0.0-use.local
  resolution: "@nextbridge/plugin-base@workspace:plugins/base"
  dependencies:
    "@nextbridge/schema": "workspace:^"
    typescript: ^4.6.2
  languageName: unknown
  linkType: soft

"@nextbridge/plugin-typescript@*, @nextbridge/plugin-typescript@workspace:plugins/typescript":
  version: 0.0.0-use.local
  resolution: "@nextbridge/plugin-typescript@workspace:plugins/typescript"
  dependencies:
    "@nextbridge/cli": "workspace:^"
    "@nextbridge/plugin-base": "workspace:^"
    "@types/dedent": ^0.7.0
    "@types/node": ^17.0.21
    dedent: ^0.7.0
    exec-sh: ^0.4.0
    json-schema-to-typescript: ^10.1.5
    tsm: ^2.2.1
    typescript: ^4.6.2
  languageName: unknown
  linkType: soft

"@nextbridge/schema@workspace:^, @nextbridge/schema@workspace:schema":
  version: 0.0.0-use.local
  resolution: "@nextbridge/schema@workspace:schema"
  dependencies:
    typescript: ^4.6.2
    zod: ^3.13.4
    zod-to-json-schema: ^3.11.3
  languageName: unknown
  linkType: soft

"@types/dedent@npm:^0.7.0":
  version: 0.7.0
  resolution: "@types/dedent@npm:0.7.0"
  checksum: b9b7f0c42d99da764be75dd00b2f2be162f5a0ca43aafe0c740efa76b5f37f8a4f4e2ccc84883054e06e05c1169733aa8ee7750da0334c9cba26d9e10ae844f1
  languageName: node
  linkType: hard

"@types/glob@npm:*":
  version: 7.2.0
  resolution: "@types/glob@npm:7.2.0"
  dependencies:
    "@types/minimatch": "*"
    "@types/node": "*"
  checksum: 6ae717fedfdfdad25f3d5a568323926c64f52ef35897bcac8aca8e19bc50c0bd84630bbd063e5d52078b2137d8e7d3c26eabebd1a2f03ff350fff8a91e79fc19
  languageName: node
  linkType: hard

"@types/json-schema@npm:^7.0.6":
  version: 7.0.9
  resolution: "@types/json-schema@npm:7.0.9"
  checksum: 259d0e25f11a21ba5c708f7ea47196bd396e379fddb79c76f9f4f62c945879dc21657904914313ec2754e443c5018ea8372362f323f30e0792897fdb2098a705
  languageName: node
  linkType: hard

"@types/lodash@npm:^4.14.168":
  version: 4.14.179
  resolution: "@types/lodash@npm:4.14.179"
  checksum: 71faa0c8071732c2b7f0bd092850d3cea96fc7912055d57d819cf2ab399a64150e4190d8a4ea35a0905662ddc118be9d2abd55891d8047c085acf98608156149
  languageName: node
  linkType: hard

"@types/minimatch@npm:*":
  version: 3.0.5
  resolution: "@types/minimatch@npm:3.0.5"
  checksum: c41d136f67231c3131cf1d4ca0b06687f4a322918a3a5adddc87ce90ed9dbd175a3610adee36b106ae68c0b92c637c35e02b58c8a56c424f71d30993ea220b92
  languageName: node
  linkType: hard

"@types/node@npm:*, @types/node@npm:^17.0.21":
  version: 17.0.21
  resolution: "@types/node@npm:17.0.21"
  checksum: 89dcd2fe82f21d3634266f8384e9c865cf8af49685639fbdbd799bdd1040480fb1e8eeda2d3b9fce41edbe704d2a4be9f427118c4ae872e8d9bb7cbeb3c41a94
  languageName: node
  linkType: hard

"@types/prettier@npm:^2.1.5":
  version: 2.4.4
  resolution: "@types/prettier@npm:2.4.4"
  checksum: 2c2cc57efd49c7d8907415a72f96c84a6dd8696dd3bf8aa4ca3a667427bebf71cbfbc912673624bdfc935d272d1c008c639cf155f6449315990a4dc110f0d216
  languageName: node
  linkType: hard

"any-promise@npm:^1.0.0":
  version: 1.3.0
  resolution: "any-promise@npm:1.3.0"
  checksum: 0ee8a9bdbe882c90464d75d1f55cf027f5458650c4bd1f0467e65aec38ccccda07ca5844969ee77ed46d04e7dded3eaceb027e8d32f385688523fe305fa7e1de
  languageName: node
  linkType: hard

"argparse@npm:^2.0.1":
  version: 2.0.1
  resolution: "argparse@npm:2.0.1"
  checksum: 83644b56493e89a254bae05702abf3a1101b4fa4d0ca31df1c9985275a5a5bd47b3c27b7fa0b71098d41114d8ca000e6ed90cad764b306f8a503665e4d517ced
  languageName: node
  linkType: hard

"await-to-js@npm:^3.0.0":
  version: 3.0.0
  resolution: "await-to-js@npm:3.0.0"
  checksum: b6e9dcf9f0990312d2ae28fcfa0a2c2d1ba48baaa161591fba61d3accf97072ce8a7187ee4e889f3148e1707a7ed1d174b9dd04ce4f79f02d7f8c9e017e90f8e
  languageName: node
  linkType: hard

"balanced-match@npm:^1.0.0":
  version: 1.0.2
  resolution: "balanced-match@npm:1.0.2"
  checksum: 9706c088a283058a8a99e0bf91b0a2f75497f185980d9ffa8b304de1d9e58ebda7c72c07ebf01dadedaac5b2907b2c6f566f660d62bd336c3468e960403b9d65
  languageName: node
  linkType: hard

"brace-expansion@npm:^1.1.7":
  version: 1.1.11
  resolution: "brace-expansion@npm:1.1.11"
  dependencies:
    balanced-match: ^1.0.0
    concat-map: 0.0.1
  checksum: faf34a7bb0c3fcf4b59c7808bc5d2a96a40988addf2e7e09dfbb67a2251800e0d14cd2bfc1aa79174f2f5095c54ff27f46fb1289fe2d77dac755b5eb3434cc07
  languageName: node
  linkType: hard

"call-me-maybe@npm:^1.0.1":
  version: 1.0.1
  resolution: "call-me-maybe@npm:1.0.1"
  checksum: d19e9d6ac2c6a83fb1215718b64c5e233f688ebebb603bdfe4af59cde952df1f2b648530fab555bf290ea910d69d7d9665ebc916e871e0e194f47c2e48e4886b
  languageName: node
  linkType: hard

"cli-color@npm:^2.0.0":
  version: 2.0.1
  resolution: "cli-color@npm:2.0.1"
  dependencies:
    d: ^1.0.1
    es5-ext: ^0.10.53
    es6-iterator: ^2.0.3
    memoizee: ^0.4.15
    timers-ext: ^0.1.7
  checksum: d79c118a09eba8566704f3f7e6cfb519f6f142ff08a6a2243f72499ba691ea9bee7a9ffc2ea2a9d61422573c3a6298ec91f1e5ef4967795b4e9f92c9ccd88ce4
  languageName: node
  linkType: hard

"commander@npm:^9.0.0":
  version: 9.0.0
  resolution: "commander@npm:9.0.0"
  checksum: 15066e433d528315ded8261d16bc600d1f3c5671c75021e685ae67e4d62f7551243ff28411b28dc0a6f8b23c2a0f033550ec6f3e66bdf9d11a4fdc2d33dd9802
  languageName: node
  linkType: hard

"concat-map@npm:0.0.1":
  version: 0.0.1
  resolution: "concat-map@npm:0.0.1"
  checksum: 902a9f5d8967a3e2faf138d5cb784b9979bad2e6db5357c5b21c568df4ebe62bcb15108af1b2253744844eb964fc023fbd9afbbbb6ddd0bcc204c6fb5b7bf3af
  languageName: node
  linkType: hard

"d@npm:1, d@npm:^1.0.1":
  version: 1.0.1
  resolution: "d@npm:1.0.1"
  dependencies:
    es5-ext: ^0.10.50
    type: ^1.0.1
  checksum: 49ca0639c7b822db670de93d4fbce44b4aa072cd848c76292c9978a8cd0fff1028763020ff4b0f147bd77bfe29b4c7f82e0f71ade76b2a06100543cdfd948d19
  languageName: node
  linkType: hard

"dedent@npm:^0.7.0":
  version: 0.7.0
  resolution: "dedent@npm:0.7.0"
  checksum: 87de191050d9a40dd70cad01159a0bcf05ecb59750951242070b6abf9569088684880d00ba92a955b4058804f16eeaf91d604f283929b4f614d181cd7ae633d2
  languageName: node
  linkType: hard

"es5-ext@npm:^0.10.35, es5-ext@npm:^0.10.46, es5-ext@npm:^0.10.50, es5-ext@npm:^0.10.53, es5-ext@npm:~0.10.14, es5-ext@npm:~0.10.2, es5-ext@npm:~0.10.46":
  version: 0.10.53
  resolution: "es5-ext@npm:0.10.53"
  dependencies:
    es6-iterator: ~2.0.3
    es6-symbol: ~3.1.3
    next-tick: ~1.0.0
  checksum: 24ec22369260cf98605cb2f51eae9d7df5dc621bc5d3b311f6f5c3d0fcdb7bafae888270f3083ee6e9af27350a5ea49f1fe2dd6406a9017247ca40f091f529b2
  languageName: node
  linkType: hard

"es6-iterator@npm:^2.0.3, es6-iterator@npm:~2.0.3":
  version: 2.0.3
  resolution: "es6-iterator@npm:2.0.3"
  dependencies:
    d: 1
    es5-ext: ^0.10.35
    es6-symbol: ^3.1.1
  checksum: 6e48b1c2d962c21dee604b3d9f0bc3889f11ed5a8b33689155a2065d20e3107e2a69cc63a71bd125aeee3a589182f8bbcb5c8a05b6a8f38fa4205671b6d09697
  languageName: node
  linkType: hard

"es6-symbol@npm:^3.1.1, es6-symbol@npm:~3.1.3":
  version: 3.1.3
  resolution: "es6-symbol@npm:3.1.3"
  dependencies:
    d: ^1.0.1
    ext: ^1.1.2
  checksum: cd49722c2a70f011eb02143ef1c8c70658d2660dead6641e160b94619f408b9cf66425515787ffe338affdf0285ad54f4eae30ea5bd510e33f8659ec53bcaa70
  languageName: node
  linkType: hard

"es6-weak-map@npm:^2.0.3":
  version: 2.0.3
  resolution: "es6-weak-map@npm:2.0.3"
  dependencies:
    d: 1
    es5-ext: ^0.10.46
    es6-iterator: ^2.0.3
    es6-symbol: ^3.1.1
  checksum: 19ca15f46d50948ce78c2da5f21fb5b1ef45addd4fe17b5df952ff1f2a3d6ce4781249bc73b90995257264be2a98b2ec749bb2aba0c14b5776a1154178f9c927
  languageName: node
  linkType: hard

"esbuild-android-64@npm:0.14.25":
  version: 0.14.25
  resolution: "esbuild-android-64@npm:0.14.25"
  conditions: os=android & cpu=x64
  languageName: node
  linkType: hard

"esbuild-android-arm64@npm:0.14.25":
  version: 0.14.25
  resolution: "esbuild-android-arm64@npm:0.14.25"
  conditions: os=android & cpu=arm64
  languageName: node
  linkType: hard

"esbuild-darwin-64@npm:0.14.25":
  version: 0.14.25
  resolution: "esbuild-darwin-64@npm:0.14.25"
  conditions: os=darwin & cpu=x64
  languageName: node
  linkType: hard

"esbuild-darwin-arm64@npm:0.14.25":
  version: 0.14.25
  resolution: "esbuild-darwin-arm64@npm:0.14.25"
  conditions: os=darwin & cpu=arm64
  languageName: node
  linkType: hard

"esbuild-freebsd-64@npm:0.14.25":
  version: 0.14.25
  resolution: "esbuild-freebsd-64@npm:0.14.25"
  conditions: os=freebsd & cpu=x64
  languageName: node
  linkType: hard

"esbuild-freebsd-arm64@npm:0.14.25":
  version: 0.14.25
  resolution: "esbuild-freebsd-arm64@npm:0.14.25"
  conditions: os=freebsd & cpu=arm64
  languageName: node
  linkType: hard

"esbuild-linux-32@npm:0.14.25":
  version: 0.14.25
  resolution: "esbuild-linux-32@npm:0.14.25"
  conditions: os=linux & cpu=ia32
  languageName: node
  linkType: hard

"esbuild-linux-64@npm:0.14.25":
  version: 0.14.25
  resolution: "esbuild-linux-64@npm:0.14.25"
  conditions: os=linux & cpu=x64
  languageName: node
  linkType: hard

"esbuild-linux-arm64@npm:0.14.25":
  version: 0.14.25
  resolution: "esbuild-linux-arm64@npm:0.14.25"
  conditions: os=linux & cpu=arm64
  languageName: node
  linkType: hard

"esbuild-linux-arm@npm:0.14.25":
  version: 0.14.25
  resolution: "esbuild-linux-arm@npm:0.14.25"
  conditions: os=linux & cpu=arm
  languageName: node
  linkType: hard

"esbuild-linux-mips64le@npm:0.14.25":
  version: 0.14.25
  resolution: "esbuild-linux-mips64le@npm:0.14.25"
  conditions: os=linux & cpu=mips64el
  languageName: node
  linkType: hard

"esbuild-linux-ppc64le@npm:0.14.25":
  version: 0.14.25
  resolution: "esbuild-linux-ppc64le@npm:0.14.25"
  conditions: os=linux & cpu=ppc64
  languageName: node
  linkType: hard

"esbuild-linux-riscv64@npm:0.14.25":
  version: 0.14.25
  resolution: "esbuild-linux-riscv64@npm:0.14.25"
  conditions: os=linux & cpu=riscv64
  languageName: node
  linkType: hard

"esbuild-linux-s390x@npm:0.14.25":
  version: 0.14.25
  resolution: "esbuild-linux-s390x@npm:0.14.25"
  conditions: os=linux & cpu=s390x
  languageName: node
  linkType: hard

"esbuild-netbsd-64@npm:0.14.25":
  version: 0.14.25
  resolution: "esbuild-netbsd-64@npm:0.14.25"
  conditions: os=netbsd & cpu=x64
  languageName: node
  linkType: hard

"esbuild-openbsd-64@npm:0.14.25":
  version: 0.14.25
  resolution: "esbuild-openbsd-64@npm:0.14.25"
  conditions: os=openbsd & cpu=x64
  languageName: node
  linkType: hard

"esbuild-sunos-64@npm:0.14.25":
  version: 0.14.25
  resolution: "esbuild-sunos-64@npm:0.14.25"
  conditions: os=sunos & cpu=x64
  languageName: node
  linkType: hard

"esbuild-windows-32@npm:0.14.25":
  version: 0.14.25
  resolution: "esbuild-windows-32@npm:0.14.25"
  conditions: os=win32 & cpu=ia32
  languageName: node
  linkType: hard

"esbuild-windows-64@npm:0.14.25":
  version: 0.14.25
  resolution: "esbuild-windows-64@npm:0.14.25"
  conditions: os=win32 & cpu=x64
  languageName: node
  linkType: hard

"esbuild-windows-arm64@npm:0.14.25":
  version: 0.14.25
  resolution: "esbuild-windows-arm64@npm:0.14.25"
  conditions: os=win32 & cpu=arm64
  languageName: node
  linkType: hard

"esbuild@npm:^0.14.0":
  version: 0.14.25
  resolution: "esbuild@npm:0.14.25"
  dependencies:
    esbuild-android-64: 0.14.25
    esbuild-android-arm64: 0.14.25
    esbuild-darwin-64: 0.14.25
    esbuild-darwin-arm64: 0.14.25
    esbuild-freebsd-64: 0.14.25
    esbuild-freebsd-arm64: 0.14.25
    esbuild-linux-32: 0.14.25
    esbuild-linux-64: 0.14.25
    esbuild-linux-arm: 0.14.25
    esbuild-linux-arm64: 0.14.25
    esbuild-linux-mips64le: 0.14.25
    esbuild-linux-ppc64le: 0.14.25
    esbuild-linux-riscv64: 0.14.25
    esbuild-linux-s390x: 0.14.25
    esbuild-netbsd-64: 0.14.25
    esbuild-openbsd-64: 0.14.25
    esbuild-sunos-64: 0.14.25
    esbuild-windows-32: 0.14.25
    esbuild-windows-64: 0.14.25
    esbuild-windows-arm64: 0.14.25
  dependenciesMeta:
    esbuild-android-64:
      optional: true
    esbuild-android-arm64:
      optional: true
    esbuild-darwin-64:
      optional: true
    esbuild-darwin-arm64:
      optional: true
    esbuild-freebsd-64:
      optional: true
    esbuild-freebsd-arm64:
      optional: true
    esbuild-linux-32:
      optional: true
    esbuild-linux-64:
      optional: true
    esbuild-linux-arm:
      optional: true
    esbuild-linux-arm64:
      optional: true
    esbuild-linux-mips64le:
      optional: true
    esbuild-linux-ppc64le:
      optional: true
    esbuild-linux-riscv64:
      optional: true
    esbuild-linux-s390x:
      optional: true
    esbuild-netbsd-64:
      optional: true
    esbuild-openbsd-64:
      optional: true
    esbuild-sunos-64:
      optional: true
    esbuild-windows-32:
      optional: true
    esbuild-windows-64:
      optional: true
    esbuild-windows-arm64:
      optional: true
  bin:
    esbuild: bin/esbuild
  checksum: 076fa82293d91d4a9c5ad27f8bde01fb86dc60b60b6d12c3deb917c5c7e9235b324e27114fc6e7e1fee9c9a1796fd094eac306c3b44b77a3819929472ee29450
  languageName: node
  linkType: hard

"event-emitter@npm:^0.3.5":
  version: 0.3.5
  resolution: "event-emitter@npm:0.3.5"
  dependencies:
    d: 1
    es5-ext: ~0.10.14
  checksum: 27c1399557d9cd7e0aa0b366c37c38a4c17293e3a10258e8b692a847dd5ba9fb90429c3a5a1eeff96f31f6fa03ccbd31d8ad15e00540b22b22f01557be706030
  languageName: node
  linkType: hard

"exec-sh@npm:^0.4.0":
  version: 0.4.0
  resolution: "exec-sh@npm:0.4.0"
  checksum: 57e0bb253b5ece8e284dca1608a19c0fd7986342daa3c2a54400dda941eb8190d2153c912fec5f08e406d0d2a2f254fdd6d410db807aebbcbd8671544d86ebe6
  languageName: node
  linkType: hard

"ext@npm:^1.1.2":
  version: 1.6.0
  resolution: "ext@npm:1.6.0"
  dependencies:
    type: ^2.5.0
  checksum: ca3ef4619e838f441a92238a98b77ac873da2175ace746c64303ffe2c3208e79a3acf3bf7004e40b720f3c2a83bf0143e6dd4a7cdfae6e73f54a3bfc7a14b5c2
  languageName: node
  linkType: hard

"fs.realpath@npm:^1.0.0":
  version: 1.0.0
  resolution: "fs.realpath@npm:1.0.0"
  checksum: 99ddea01a7e75aa276c250a04eedeffe5662bce66c65c07164ad6264f9de18fb21be9433ead460e54cff20e31721c811f4fb5d70591799df5f85dce6d6746fd0
  languageName: node
  linkType: hard

"get-stdin@npm:^8.0.0":
  version: 8.0.0
  resolution: "get-stdin@npm:8.0.0"
  checksum: 40128b6cd25781ddbd233344f1a1e4006d4284906191ed0a7d55ec2c1a3e44d650f280b2c9eeab79c03ac3037da80257476c0e4e5af38ddfb902d6ff06282d77
  languageName: node
  linkType: hard

"glob-promise@npm:^3.4.0":
  version: 3.4.0
  resolution: "glob-promise@npm:3.4.0"
  dependencies:
    "@types/glob": "*"
  peerDependencies:
    glob: "*"
  checksum: 84a2c076e7581c9f8aa7a8a151ad5f9352c4118ba03c5673ecfcf540f4c53aa75f8d32fe493c2286d471dccd7a75932b9bfe97bf782564c1f4a50b9c7954e3b6
  languageName: node
  linkType: hard

"glob@npm:^7.1.6":
  version: 7.2.0
  resolution: "glob@npm:7.2.0"
  dependencies:
    fs.realpath: ^1.0.0
    inflight: ^1.0.4
    inherits: 2
    minimatch: ^3.0.4
    once: ^1.3.0
    path-is-absolute: ^1.0.0
  checksum: 78a8ea942331f08ed2e055cb5b9e40fe6f46f579d7fd3d694f3412fe5db23223d29b7fee1575440202e9a7ff9a72ab106a39fee39934c7bedafe5e5f8ae20134
  languageName: node
  linkType: hard

"inflight@npm:^1.0.4":
  version: 1.0.6
  resolution: "inflight@npm:1.0.6"
  dependencies:
    once: ^1.3.0
    wrappy: 1
  checksum: f4f76aa072ce19fae87ce1ef7d221e709afb59d445e05d47fba710e85470923a75de35bfae47da6de1b18afc3ce83d70facf44cfb0aff89f0a3f45c0a0244dfd
  languageName: node
  linkType: hard

"inherits@npm:2":
  version: 2.0.4
  resolution: "inherits@npm:2.0.4"
  checksum: 4a48a733847879d6cf6691860a6b1e3f0f4754176e4d71494c41f3475553768b10f84b5ce1d40fbd0e34e6bfbb864ee35858ad4dd2cf31e02fc4a154b724d7f1
  languageName: node
  linkType: hard

"is-extglob@npm:^2.1.1":
  version: 2.1.1
  resolution: "is-extglob@npm:2.1.1"
  checksum: df033653d06d0eb567461e58a7a8c9f940bd8c22274b94bf7671ab36df5719791aae15eef6d83bbb5e23283967f2f984b8914559d4449efda578c775c4be6f85
  languageName: node
  linkType: hard

"is-glob@npm:^4.0.1":
  version: 4.0.3
  resolution: "is-glob@npm:4.0.3"
  dependencies:
    is-extglob: ^2.1.1
  checksum: d381c1319fcb69d341cc6e6c7cd588e17cd94722d9a32dbd60660b993c4fb7d0f19438674e68dfec686d09b7c73139c9166b47597f846af387450224a8101ab4
  languageName: node
  linkType: hard

"is-promise@npm:^2.2.2":
  version: 2.2.2
  resolution: "is-promise@npm:2.2.2"
  checksum: 18bf7d1c59953e0ad82a1ed963fb3dc0d135c8f299a14f89a17af312fc918373136e56028e8831700e1933519630cc2fd4179a777030330fde20d34e96f40c78
  languageName: node
  linkType: hard

"js-yaml@npm:^4.1.0":
  version: 4.1.0
  resolution: "js-yaml@npm:4.1.0"
  dependencies:
    argparse: ^2.0.1
  bin:
    js-yaml: bin/js-yaml.js
  checksum: c7830dfd456c3ef2c6e355cc5a92e6700ceafa1d14bba54497b34a99f0376cecbb3e9ac14d3e5849b426d5a5140709a66237a8c991c675431271c4ce5504151a
  languageName: node
  linkType: hard

"json-schema-ref-parser@npm:^9.0.6":
  version: 9.0.9
  resolution: "json-schema-ref-parser@npm:9.0.9"
  dependencies:
    "@apidevtools/json-schema-ref-parser": 9.0.9
  checksum: e05166a84c702f54f192edb2eb2e39236c3b03c30561777d63fd156ecd3aa3d2fffc0806a5703384bfba3c78800b1dc05f8da1ea25e6470b35a823210f7d48c4
  languageName: node
  linkType: hard

"json-schema-to-typescript@npm:^10.1.5":
  version: 10.1.5
  resolution: "json-schema-to-typescript@npm:10.1.5"
  dependencies:
    "@types/json-schema": ^7.0.6
    "@types/lodash": ^4.14.168
    "@types/prettier": ^2.1.5
    cli-color: ^2.0.0
    get-stdin: ^8.0.0
    glob: ^7.1.6
    glob-promise: ^3.4.0
    is-glob: ^4.0.1
    json-schema-ref-parser: ^9.0.6
    json-stringify-safe: ^5.0.1
    lodash: ^4.17.20
    minimist: ^1.2.5
    mkdirp: ^1.0.4
    mz: ^2.7.0
    prettier: ^2.2.0
  bin:
    json2ts: dist/src/cli.js
  checksum: ab154931ca6b3804497e25b204a568edbd16b9a9a996881a512be9125f84ce19d7a09122a9f282113921edec8272e8ed67b780c15d86f72293a0d06b6ac35a4a
  languageName: node
  linkType: hard

"json-stringify-safe@npm:^5.0.1":
  version: 5.0.1
  resolution: "json-stringify-safe@npm:5.0.1"
  checksum: 48ec0adad5280b8a96bb93f4563aa1667fd7a36334f79149abd42446d0989f2ddc58274b479f4819f1f00617957e6344c886c55d05a4e15ebb4ab931e4a6a8ee
  languageName: node
  linkType: hard

"lodash@npm:^4.17.20":
  version: 4.17.21
  resolution: "lodash@npm:4.17.21"
  checksum: eb835a2e51d381e561e508ce932ea50a8e5a68f4ebdd771ea240d3048244a8d13658acbd502cd4829768c56f2e16bdd4340b9ea141297d472517b83868e677f7
  languageName: node
  linkType: hard

"lru-queue@npm:^0.1.0":
  version: 0.1.0
  resolution: "lru-queue@npm:0.1.0"
  dependencies:
    es5-ext: ~0.10.2
  checksum: 7f2c53c5e7f2de20efb6ebb3086b7aea88d6cf9ae91ac5618ece974122960c4e8ed04988e81d92c3e63d60b12c556b14d56ef7a9c5a4627b23859b813e39b1a2
  languageName: node
  linkType: hard

"memoizee@npm:^0.4.15":
  version: 0.4.15
  resolution: "memoizee@npm:0.4.15"
  dependencies:
    d: ^1.0.1
    es5-ext: ^0.10.53
    es6-weak-map: ^2.0.3
    event-emitter: ^0.3.5
    is-promise: ^2.2.2
    lru-queue: ^0.1.0
    next-tick: ^1.1.0
    timers-ext: ^0.1.7
  checksum: 4065d94416dbadac56edf5947bf342beca0e9f051f33ad60d7c4baf3f6ca0f3c6fdb770c5caed5a89c0ceaf9121428582f396445d591785281383d60aa883418
  languageName: node
  linkType: hard

"minimatch@npm:^3.0.4":
  version: 3.1.2
  resolution: "minimatch@npm:3.1.2"
  dependencies:
    brace-expansion: ^1.1.7
  checksum: c154e566406683e7bcb746e000b84d74465b3a832c45d59912b9b55cd50dee66e5c4b1e5566dba26154040e51672f9aa450a9aef0c97cfc7336b78b7afb9540a
  languageName: node
  linkType: hard

"minimist@npm:^1.2.5":
  version: 1.2.5
  resolution: "minimist@npm:1.2.5"
  checksum: 86706ce5b36c16bfc35c5fe3dbb01d5acdc9a22f2b6cc810b6680656a1d2c0e44a0159c9a3ba51fb072bb5c203e49e10b51dcd0eec39c481f4c42086719bae52
  languageName: node
  linkType: hard

"mkdirp@npm:^1.0.4":
  version: 1.0.4
  resolution: "mkdirp@npm:1.0.4"
  bin:
    mkdirp: bin/cmd.js
  checksum: a96865108c6c3b1b8e1d5e9f11843de1e077e57737602de1b82030815f311be11f96f09cce59bd5b903d0b29834733e5313f9301e3ed6d6f6fba2eae0df4298f
  languageName: node
  linkType: hard

"mz@npm:^2.7.0":
  version: 2.7.0
  resolution: "mz@npm:2.7.0"
  dependencies:
    any-promise: ^1.0.0
    object-assign: ^4.0.1
    thenify-all: ^1.0.0
  checksum: 8427de0ece99a07e9faed3c0c6778820d7543e3776f9a84d22cf0ec0a8eb65f6e9aee9c9d353ff9a105ff62d33a9463c6ca638974cc652ee8140cd1e35951c87
  languageName: node
  linkType: hard

"next-tick@npm:1, next-tick@npm:^1.1.0":
  version: 1.1.0
  resolution: "next-tick@npm:1.1.0"
  checksum: 83b5cf36027a53ee6d8b7f9c0782f2ba87f4858d977342bfc3c20c21629290a2111f8374d13a81221179603ffc4364f38374b5655d17b6a8f8a8c77bdea4fe8b
  languageName: node
  linkType: hard

"next-tick@npm:~1.0.0":
  version: 1.0.0
  resolution: "next-tick@npm:1.0.0"
  checksum: 83fcb3d4f8d9380210b1c2b8a610463602d80283f0c0c8571c1688e1ad6cbf3a16b345f5bb7212617d4898bedcfa10dff327dc09ec20a112a5bf43a0271375fb
  languageName: node
  linkType: hard

"object-assign@npm:^4.0.1":
  version: 4.1.1
  resolution: "object-assign@npm:4.1.1"
  checksum: fcc6e4ea8c7fe48abfbb552578b1c53e0d194086e2e6bbbf59e0a536381a292f39943c6e9628af05b5528aa5e3318bb30d6b2e53cadaf5b8fe9e12c4b69af23f
  languageName: node
  linkType: hard

"once@npm:^1.3.0":
  version: 1.4.0
  resolution: "once@npm:1.4.0"
  dependencies:
    wrappy: 1
  checksum: cd0a88501333edd640d95f0d2700fbde6bff20b3d4d9bdc521bdd31af0656b5706570d6c6afe532045a20bb8dc0849f8332d6f2a416e0ba6d3d3b98806c7db68
  languageName: node
  linkType: hard

"path-is-absolute@npm:^1.0.0":
  version: 1.0.1
  resolution: "path-is-absolute@npm:1.0.1"
  checksum: 060840f92cf8effa293bcc1bea81281bd7d363731d214cbe5c227df207c34cd727430f70c6037b5159c8a870b9157cba65e775446b0ab06fd5ecc7e54615a3b8
  languageName: node
  linkType: hard

"prettier@npm:^2.2.0, prettier@npm:^2.5.1":
  version: 2.5.1
  resolution: "prettier@npm:2.5.1"
  bin:
    prettier: bin-prettier.js
  checksum: 21b9408476ea1c544b0e45d51ceb94a84789ff92095abb710942d780c862d0daebdb29972d47f6b4d0f7ebbfb0ffbf56cc2cfa3e3e9d1cca54864af185b15b66
  languageName: node
  linkType: hard

"thenify-all@npm:^1.0.0":
  version: 1.6.0
  resolution: "thenify-all@npm:1.6.0"
  dependencies:
    thenify: ">= 3.1.0 < 4"
  checksum: dba7cc8a23a154cdcb6acb7f51d61511c37a6b077ec5ab5da6e8b874272015937788402fd271fdfc5f187f8cb0948e38d0a42dcc89d554d731652ab458f5343e
  languageName: node
  linkType: hard

"thenify@npm:>= 3.1.0 < 4":
  version: 3.3.1
  resolution: "thenify@npm:3.3.1"
  dependencies:
    any-promise: ^1.0.0
  checksum: 84e1b804bfec49f3531215f17b4a6e50fd4397b5f7c1bccc427b9c656e1ecfb13ea79d899930184f78bc2f57285c54d9a50a590c8868f4f0cef5c1d9f898b05e
  languageName: node
  linkType: hard

"timers-ext@npm:^0.1.7":
  version: 0.1.7
  resolution: "timers-ext@npm:0.1.7"
  dependencies:
    es5-ext: ~0.10.46
    next-tick: 1
  checksum: ef3f27a0702a88d885bcbb0317c3e3ecd094ce644da52e7f7d362394a125d9e3578292a8f8966071a980d8abbc3395725333b1856f3ae93835b46589f700d938
  languageName: node
  linkType: hard

"tsm@npm:^2.2.1":
  version: 2.2.1
  resolution: "tsm@npm:2.2.1"
  dependencies:
    esbuild: ^0.14.0
  bin:
    tsm: bin.js
  checksum: ec9c0c59f04645c48e9c54957eeb3bc2eebf74da0275d37d5508875c8b1e61e6aafda0f82d9ee2f0ea3340f1e80a5a07d28ae1576a3b7ba936226cf42cc450ac
  languageName: node
  linkType: hard

"type@npm:^1.0.1":
  version: 1.2.0
  resolution: "type@npm:1.2.0"
  checksum: dae8c64f82c648b985caf321e9dd6e8b7f4f2e2d4f846fc6fd2c8e9dc7769382d8a52369ddbaccd59aeeceb0df7f52fb339c465be5f2e543e81e810e413451ee
  languageName: node
  linkType: hard

"type@npm:^2.5.0":
  version: 2.6.0
  resolution: "type@npm:2.6.0"
  checksum: 80da01fcc0f6ed5a253dc326530e134000a8f66ea44b6d9687cde2f894f0d0b2486595b0cd040a64f7f79dc3120784236f8c9ef667a8aef03984e049b447cfb4
  languageName: node
  linkType: hard

"typescript@npm:^4.6.2":
  version: 4.6.2
  resolution: "typescript@npm:4.6.2"
  bin:
    tsc: bin/tsc
    tsserver: bin/tsserver
  checksum: 8a44ed7e6f6c4cb1ebe8cf236ecda2fb119d84dcf0fbd77e707b2dfea1bbcfc4e366493a143513ce7f57203c75da9d4e20af6fe46de89749366351046be7577c
  languageName: node
  linkType: hard

"typescript@patch:typescript@^4.6.2#~builtin<compat/typescript>":
  version: 4.6.2
  resolution: "typescript@patch:typescript@npm%3A4.6.2#~builtin<compat/typescript>::version=4.6.2&hash=bda367"
  bin:
    tsc: bin/tsc
    tsserver: bin/tsserver
  checksum: 40b493a71747fb89fa70df104e2c4a5e284b43750af5bea024090a5261cefa387f7a9372411b13030f7bf5555cee4275443d08805642ae5c74ef76740854a4c7
  languageName: node
  linkType: hard

"wrappy@npm:1":
  version: 1.0.2
  resolution: "wrappy@npm:1.0.2"
  checksum: 159da4805f7e84a3d003d8841557196034155008f817172d4e986bd591f74aa82aa7db55929a54222309e01079a65a92a9e6414da5a6aa4b01ee44a511ac3ee5
  languageName: node
  linkType: hard

"zod-to-json-schema@npm:^3.11.3":
  version: 3.11.3
  resolution: "zod-to-json-schema@npm:3.11.3"
  dependencies:
    zod: ^3.11.6
  checksum: 28c7e415c3fc2361ed411966840ff65ac9a4590bb4336c29b16359027e62c401ead8779e4b8504a2ee6f7e036ce5d8a2d25f1c0607823094a28ef0d44b8a14a2
  languageName: node
  linkType: hard

"zod@npm:^3.11.6, zod@npm:^3.13.4":
  version: 3.13.4
  resolution: "zod@npm:3.13.4"
  checksum: 3db8e4d27e8d305eed44c3eaff3e67fa26e39ad0bf4f06dbafae6b6e6516bdcc5aafe342afeb81ba0386fa53373404a18f0371d41a3738f1f9b85d1321ee9724
  languageName: node
  linkType: hard
