# This file is generated by running "yarn install" inside your project.
# Manual changes might be lost - proceed with caution!

__metadata:
  version: 6
  cacheKey: 8

"@nextbridge/cli@workspace:cli":
  version: 0.0.0-use.local
  resolution: "@nextbridge/cli@workspace:cli"
  dependencies:
    "@types/node": ^17.0.21
    await-to-js: ^3.0.0
    commander: ^9.0.0
    tsm: ^2.2.1
    typescript: ^4.6.2
    zod: ^3.13.4
  bin:
    nextbridge-cli: ./bin/run
  languageName: unknown
  linkType: soft

"@nextbridge/monorepo@workspace:.":
  version: 0.0.0-use.local
  resolution: "@nextbridge/monorepo@workspace:."
  dependencies:
    "@types/node": ^17.0.21
    prettier: ^2.5.1
    typescript: ^4.6.2
  languageName: unknown
  linkType: soft

"@types/node@npm:^17.0.21":
  version: 17.0.21
  resolution: "@types/node@npm:17.0.21"
  checksum: 89dcd2fe82f21d3634266f8384e9c865cf8af49685639fbdbd799bdd1040480fb1e8eeda2d3b9fce41edbe704d2a4be9f427118c4ae872e8d9bb7cbeb3c41a94
  languageName: node
  linkType: hard

"await-to-js@npm:^3.0.0":
  version: 3.0.0
  resolution: "await-to-js@npm:3.0.0"
  checksum: b6e9dcf9f0990312d2ae28fcfa0a2c2d1ba48baaa161591fba61d3accf97072ce8a7187ee4e889f3148e1707a7ed1d174b9dd04ce4f79f02d7f8c9e017e90f8e
  languageName: node
  linkType: hard

"commander@npm:^9.0.0":
  version: 9.0.0
  resolution: "commander@npm:9.0.0"
  checksum: 15066e433d528315ded8261d16bc600d1f3c5671c75021e685ae67e4d62f7551243ff28411b28dc0a6f8b23c2a0f033550ec6f3e66bdf9d11a4fdc2d33dd9802
  languageName: node
  linkType: hard

"esbuild-android-64@npm:0.14.25":
  version: 0.14.25
  resolution: "esbuild-android-64@npm:0.14.25"
  conditions: os=android & cpu=x64
  languageName: node
  linkType: hard

"esbuild-android-arm64@npm:0.14.25":
  version: 0.14.25
  resolution: "esbuild-android-arm64@npm:0.14.25"
  conditions: os=android & cpu=arm64
  languageName: node
  linkType: hard

"esbuild-darwin-64@npm:0.14.25":
  version: 0.14.25
  resolution: "esbuild-darwin-64@npm:0.14.25"
  conditions: os=darwin & cpu=x64
  languageName: node
  linkType: hard

"esbuild-darwin-arm64@npm:0.14.25":
  version: 0.14.25
  resolution: "esbuild-darwin-arm64@npm:0.14.25"
  conditions: os=darwin & cpu=arm64
  languageName: node
  linkType: hard

"esbuild-freebsd-64@npm:0.14.25":
  version: 0.14.25
  resolution: "esbuild-freebsd-64@npm:0.14.25"
  conditions: os=freebsd & cpu=x64
  languageName: node
  linkType: hard

"esbuild-freebsd-arm64@npm:0.14.25":
  version: 0.14.25
  resolution: "esbuild-freebsd-arm64@npm:0.14.25"
  conditions: os=freebsd & cpu=arm64
  languageName: node
  linkType: hard

"esbuild-linux-32@npm:0.14.25":
  version: 0.14.25
  resolution: "esbuild-linux-32@npm:0.14.25"
  conditions: os=linux & cpu=ia32
  languageName: node
  linkType: hard

"esbuild-linux-64@npm:0.14.25":
  version: 0.14.25
  resolution: "esbuild-linux-64@npm:0.14.25"
  conditions: os=linux & cpu=x64
  languageName: node
  linkType: hard

"esbuild-linux-arm64@npm:0.14.25":
  version: 0.14.25
  resolution: "esbuild-linux-arm64@npm:0.14.25"
  conditions: os=linux & cpu=arm64
  languageName: node
  linkType: hard

"esbuild-linux-arm@npm:0.14.25":
  version: 0.14.25
  resolution: "esbuild-linux-arm@npm:0.14.25"
  conditions: os=linux & cpu=arm
  languageName: node
  linkType: hard

"esbuild-linux-mips64le@npm:0.14.25":
  version: 0.14.25
  resolution: "esbuild-linux-mips64le@npm:0.14.25"
  conditions: os=linux & cpu=mips64el
  languageName: node
  linkType: hard

"esbuild-linux-ppc64le@npm:0.14.25":
  version: 0.14.25
  resolution: "esbuild-linux-ppc64le@npm:0.14.25"
  conditions: os=linux & cpu=ppc64
  languageName: node
  linkType: hard

"esbuild-linux-riscv64@npm:0.14.25":
  version: 0.14.25
  resolution: "esbuild-linux-riscv64@npm:0.14.25"
  conditions: os=linux & cpu=riscv64
  languageName: node
  linkType: hard

"esbuild-linux-s390x@npm:0.14.25":
  version: 0.14.25
  resolution: "esbuild-linux-s390x@npm:0.14.25"
  conditions: os=linux & cpu=s390x
  languageName: node
  linkType: hard

"esbuild-netbsd-64@npm:0.14.25":
  version: 0.14.25
  resolution: "esbuild-netbsd-64@npm:0.14.25"
  conditions: os=netbsd & cpu=x64
  languageName: node
  linkType: hard

"esbuild-openbsd-64@npm:0.14.25":
  version: 0.14.25
  resolution: "esbuild-openbsd-64@npm:0.14.25"
  conditions: os=openbsd & cpu=x64
  languageName: node
  linkType: hard

"esbuild-sunos-64@npm:0.14.25":
  version: 0.14.25
  resolution: "esbuild-sunos-64@npm:0.14.25"
  conditions: os=sunos & cpu=x64
  languageName: node
  linkType: hard

"esbuild-windows-32@npm:0.14.25":
  version: 0.14.25
  resolution: "esbuild-windows-32@npm:0.14.25"
  conditions: os=win32 & cpu=ia32
  languageName: node
  linkType: hard

"esbuild-windows-64@npm:0.14.25":
  version: 0.14.25
  resolution: "esbuild-windows-64@npm:0.14.25"
  conditions: os=win32 & cpu=x64
  languageName: node
  linkType: hard

"esbuild-windows-arm64@npm:0.14.25":
  version: 0.14.25
  resolution: "esbuild-windows-arm64@npm:0.14.25"
  conditions: os=win32 & cpu=arm64
  languageName: node
  linkType: hard

"esbuild@npm:^0.14.0":
  version: 0.14.25
  resolution: "esbuild@npm:0.14.25"
  dependencies:
    esbuild-android-64: 0.14.25
    esbuild-android-arm64: 0.14.25
    esbuild-darwin-64: 0.14.25
    esbuild-darwin-arm64: 0.14.25
    esbuild-freebsd-64: 0.14.25
    esbuild-freebsd-arm64: 0.14.25
    esbuild-linux-32: 0.14.25
    esbuild-linux-64: 0.14.25
    esbuild-linux-arm: 0.14.25
    esbuild-linux-arm64: 0.14.25
    esbuild-linux-mips64le: 0.14.25
    esbuild-linux-ppc64le: 0.14.25
    esbuild-linux-riscv64: 0.14.25
    esbuild-linux-s390x: 0.14.25
    esbuild-netbsd-64: 0.14.25
    esbuild-openbsd-64: 0.14.25
    esbuild-sunos-64: 0.14.25
    esbuild-windows-32: 0.14.25
    esbuild-windows-64: 0.14.25
    esbuild-windows-arm64: 0.14.25
  dependenciesMeta:
    esbuild-android-64:
      optional: true
    esbuild-android-arm64:
      optional: true
    esbuild-darwin-64:
      optional: true
    esbuild-darwin-arm64:
      optional: true
    esbuild-freebsd-64:
      optional: true
    esbuild-freebsd-arm64:
      optional: true
    esbuild-linux-32:
      optional: true
    esbuild-linux-64:
      optional: true
    esbuild-linux-arm:
      optional: true
    esbuild-linux-arm64:
      optional: true
    esbuild-linux-mips64le:
      optional: true
    esbuild-linux-ppc64le:
      optional: true
    esbuild-linux-riscv64:
      optional: true
    esbuild-linux-s390x:
      optional: true
    esbuild-netbsd-64:
      optional: true
    esbuild-openbsd-64:
      optional: true
    esbuild-sunos-64:
      optional: true
    esbuild-windows-32:
      optional: true
    esbuild-windows-64:
      optional: true
    esbuild-windows-arm64:
      optional: true
  bin:
    esbuild: bin/esbuild
  checksum: 076fa82293d91d4a9c5ad27f8bde01fb86dc60b60b6d12c3deb917c5c7e9235b324e27114fc6e7e1fee9c9a1796fd094eac306c3b44b77a3819929472ee29450
  languageName: node
  linkType: hard

"prettier@npm:^2.5.1":
  version: 2.5.1
  resolution: "prettier@npm:2.5.1"
  bin:
    prettier: bin-prettier.js
  checksum: 21b9408476ea1c544b0e45d51ceb94a84789ff92095abb710942d780c862d0daebdb29972d47f6b4d0f7ebbfb0ffbf56cc2cfa3e3e9d1cca54864af185b15b66
  languageName: node
  linkType: hard

"tsm@npm:^2.2.1":
  version: 2.2.1
  resolution: "tsm@npm:2.2.1"
  dependencies:
    esbuild: ^0.14.0
  bin:
    tsm: bin.js
  checksum: ec9c0c59f04645c48e9c54957eeb3bc2eebf74da0275d37d5508875c8b1e61e6aafda0f82d9ee2f0ea3340f1e80a5a07d28ae1576a3b7ba936226cf42cc450ac
  languageName: node
  linkType: hard

"typescript@npm:^4.6.2":
  version: 4.6.2
  resolution: "typescript@npm:4.6.2"
  bin:
    tsc: bin/tsc
    tsserver: bin/tsserver
  checksum: 8a44ed7e6f6c4cb1ebe8cf236ecda2fb119d84dcf0fbd77e707b2dfea1bbcfc4e366493a143513ce7f57203c75da9d4e20af6fe46de89749366351046be7577c
  languageName: node
  linkType: hard

"typescript@patch:typescript@^4.6.2#~builtin<compat/typescript>":
  version: 4.6.2
  resolution: "typescript@patch:typescript@npm%3A4.6.2#~builtin<compat/typescript>::version=4.6.2&hash=bda367"
  bin:
    tsc: bin/tsc
    tsserver: bin/tsserver
  checksum: 40b493a71747fb89fa70df104e2c4a5e284b43750af5bea024090a5261cefa387f7a9372411b13030f7bf5555cee4275443d08805642ae5c74ef76740854a4c7
  languageName: node
  linkType: hard

"zod@npm:^3.13.4":
  version: 3.13.4
  resolution: "zod@npm:3.13.4"
  checksum: 3db8e4d27e8d305eed44c3eaff3e67fa26e39ad0bf4f06dbafae6b6e6516bdcc5aafe342afeb81ba0386fa53373404a18f0371d41a3738f1f9b85d1321ee9724
  languageName: node
  linkType: hard
